%{
  "acceptor_pool": {:hex, :acceptor_pool, "1.0.1", "d88c2e8a0be9216cf513fbcd3e5a4beb36bee3ff4168e85d6152c6f899359cdb", [:rebar3], [], "hexpm", "f172f3d74513e8edd445c257d596fc84dbdd56d2c6fa287434269648ae5a421e"},
  "bandit": {:hex, :bandit, "1.12.4", "10bbab488edf8162318d736c19c5837077b8fca2bf5d95b07b33830387124f62", [:mix], [{:hpax, "~> 1.0", [hex: :hpax, repo: "hexpm", optional: false]}, {:plug, "~> 1.18", [hex: :plug, repo: "hexpm", optional: false]}, {:telemetry, "~> 0.4 or ~> 1.0", [hex: :telemetry, repo: "hexpm", optional: false]}, {:thousand_island, "~> 1.5", [hex: :thousand_island, repo: "hexpm", optional: false]}, {:websock, "~> 0.5", [hex: :websock, repo: "hexpm", optional: false]}], "hexpm", "84513318c5752a2a8017664450f889b47fae5d53d64698ddf1e4fb09a7449e8d"},
  "bunt": {:hex, :bunt, "1.0.0", "081c2c665f086849e6d57900292b3a161727ab40431219529f13c4ddcf3e7a44", [:mix], [], "hexpm", "dc5f86aa08a5f6fa6b8096f0735c4e76d54ae5c9fa2c143e5a1fc7c1cd9bb6b5"},
  "chatterbox": {:hex, :ts_chatterbox, "0.16.0", "9d062f566235b6deb5ff94c4a4eb332b7cff28d9ccf281b91de10fe74e1f59fe", [:rebar3], [{:hpack, "~> 0.3.0", [hex: :hpack_erl, repo: "hexpm", optional: false]}], "hexpm", "34c145c702f3a8d22f49a189eb34579ef3db68f9a98a82d19b5cf6e390aad54f"},
  "cors_plug": {:hex, :cors_plug, "3.0.3", "7c3ac52b39624bc616db2e937c282f3f623f25f8d550068b6710e58d04a0e330", [:mix], [{:plug, "~> 1.13", [hex: :plug, repo: "hexpm", optional: false]}], "hexpm", "3f2d759e8c272ed3835fab2ef11b46bddab8c1ab9528167bd463b6452edf830d"},
  "credo": {:hex, :credo, "1.7.19", "cc52129665fc7c15143d47838fda0f9cd6dac9ceced7bf4da6f85fcbfe64b12a", [:mix], [{:bunt, "~> 0.2.1 or ~> 1.0", [hex: :bunt, repo: "hexpm", optional: false]}, {:file_system, "~> 0.2 or ~> 1.0", [hex: :file_system, repo: "hexpm", optional: false]}, {:jason, "~> 1.0", [hex: :jason, repo: "hexpm", optional: false]}], "hexpm", "2d8bc95d5a7bb99dd2613621d4f08c6a3575c3fd4b62e6a2b48a100352a557b8"},
  "ctx": {:hex, :ctx, "0.6.0", "8ff88b70e6400c4df90142e7f130625b82086077a45364a78d208ed3ed53c7fe", [:rebar3], [], "hexpm", "a14ed2d1b67723dbebbe423b28d7615eb0bdcba6ff28f2d1f1b0a7e1d4aa5fc2"},
  "decorator": {:hex, :decorator, "1.4.0", "a57ac32c823ea7e4e67f5af56412d12b33274661bb7640ec7fc882f8d23ac419", [:mix], [], "hexpm", "0a07cedd9083da875c7418dea95b78361197cf2bf3211d743f6f7ce39656597f"},
  "file_system": {:hex, :file_system, "1.1.1", "31864f4685b0148f25bd3fbef2b1228457c0c89024ad67f7a81a3ffbc0bbad3a", [:mix], [], "hexpm", "7a15ff97dfe526aeefb090a7a9d3d03aa907e100e262a0f8f7746b78f8f87a5d"},
  "gproc": {:hex, :gproc, "1.2.0", "b06dc2a5aaa78f8902e6c0032f29362ea1c1cda941216f085a04a76fc0cdf7cc", [:rebar3], [], "hexpm", "70c6f8c91fa5974296cd87974949d8eab953230414f31c4a623ff75131e0827a"},
  "grpcbox": {:hex, :grpcbox, "0.18.0", "ccc14ec546509e0952d406ef626c5856b68d36a40be6040fa444b375b33bd14f", [:rebar3], [{:acceptor_pool, "~> 1.0.0", [hex: :acceptor_pool, repo: "hexpm", optional: false]}, {:chatterbox, "~> 0.16.0", [hex: :ts_chatterbox, repo: "hexpm", optional: false]}, {:ctx, "~> 0.6.0", [hex: :ctx, repo: "hexpm", optional: false]}, {:gproc, "~> 1.2.0", [hex: :gproc, repo: "hexpm", optional: false]}], "hexpm", "5ec9f8fe664ab51201b32c117a61511a1f9d6316771e3891ba8a88d289a732ab"},
  "hpack": {:hex, :hpack_erl, "0.3.0", "2461899cc4ab6a0ef8e970c1661c5fc6a52d3c25580bc6dd204f84ce94669926", [:rebar3], [], "hexpm", "d6137d7079169d8c485c6962dfe261af5b9ef60fbc557344511c1e65e3d95fb0"},
  "hpax": {:hex, :hpax, "1.0.4", "777de5d433b0fbdc7c418159c8055910faa8047ffdb3d6b31098d2a46cd7685c", [:mix], [], "hexpm", "afc7cb142ebcc2d01ce7816190b98ce5dd49e799111b24249f3443d730f377ca"},
  "jason": {:hex, :jason, "1.4.5", "2e3a008590b0b8d7388c20293e9dcc9cf3e5d642fd2a114e4cbbb52e595d940a", [:mix], [{:decimal, "~> 1.0 or ~> 2.0 or ~> 3.0", [hex: :decimal, repo: "hexpm", optional: true]}], "hexpm", "b0c823996102bcd0239b3c2444eb00409b72f6a140c1950bc8b457d836b30684"},
  "logger_json": {:hex, :logger_json, "7.0.4", "e315f2b9a755504658a745f3eab90d88d2cd7ac2ecfd08c8da94d8893965ab5c", [:mix], [{:decimal, ">= 0.0.0", [hex: :decimal, repo: "hexpm", optional: true]}, {:ecto, "~> 3.11", [hex: :ecto, repo: "hexpm", optional: true]}, {:jason, "~> 1.4", [hex: :jason, repo: "hexpm", optional: true]}, {:plug, "~> 1.15", [hex: :plug, repo: "hexpm", optional: true]}, {:telemetry, "~> 1.0", [hex: :telemetry, repo: "hexpm", optional: true]}], "hexpm", "d1369f8094e372db45d50672c3b91e8888bcd695fdc444a37a0734e96717c45c"},
  "mime": {:hex, :mime, "2.0.7", "b8d739037be7cd402aee1ba0306edfdef982687ee7e9859bee6198c1e7e2f128", [:mix], [], "hexpm", "6171188e399ee16023ffc5b76ce445eb6d9672e2e241d2df6050f3c771e80ccd"},
  "nimble_options": {:hex, :nimble_options, "1.1.1", "e3a492d54d85fc3fd7c5baf411d9d2852922f66e69476317787a7b2bb000a61b", [:mix], [], "hexpm", "821b2470ca9442c4b6984882fe9bb0389371b8ddec4d45a9504f00a66f650b44"},
  "o11y": {:hex, :o11y, "0.3.0", "33b14250e78c559a31f106abd0446e862e8062a4a33f2f93305c47e3137e703b", [:mix], [{:decimal, "~> 2.0", [hex: :decimal, repo: "hexpm", optional: true]}, {:ecto, "~> 3.0", [hex: :ecto, repo: "hexpm", optional: true]}, {:igniter, "~> 0.6", [hex: :igniter, repo: "hexpm", optional: true]}, {:opentelemetry_api, "~> 1.4", [hex: :opentelemetry_api, repo: "hexpm", optional: false]}], "hexpm", "2cc869944baa02e280d9c2e8ce0ac0cd10e769744604b5c595b45e0df16ddb4c"},
  "open_api_spex": {:hex, :open_api_spex, "3.22.3", "0e383bf23cc3a060bffaebbcd09fc06bfc908d948c00e518aed36bbf8a2fe473", [:mix], [{:decimal, "~> 1.0 or ~> 2.0 or ~> 3.0", [hex: :decimal, repo: "hexpm", optional: true]}, {:jason, "~> 1.0", [hex: :jason, repo: "hexpm", optional: true]}, {:plug, "~> 1.7", [hex: :plug, repo: "hexpm", optional: false]}, {:poison, "~> 3.0 or ~> 4.0 or ~> 5.0 or ~> 6.0", [hex: :poison, repo: "hexpm", optional: true]}, {:ymlr, "~> 2.0 or ~> 3.0 or ~> 4.0 or ~> 5.0", [hex: :ymlr, repo: "hexpm", optional: true]}], "hexpm", "5f74f1878fdc38f8e961b0b943ac7af88dcf3a82a0c0ef6680ddfd3d161aecbd"},
  "open_telemetry_decorator": {:hex, :open_telemetry_decorator, "1.5.10", "dc762507bb597835d58154d4f78c19acf75d1a38c807be11874c37ad868c2065", [:mix], [{:decorator, "~> 1.4", [hex: :decorator, repo: "hexpm", optional: false]}, {:o11y, "~> 0.2", [hex: :o11y, repo: "hexpm", optional: false]}, {:opentelemetry_api, "~> 1.4", [hex: :opentelemetry_api, repo: "hexpm", optional: false]}], "hexpm", "50743b251fbe718dcc66125ade6e601f7c418e2fffc6c3996e32395ade696fe1"},
  "opentelemetry": {:hex, :opentelemetry, "1.7.0", "20d0f12d3d1c398d3670fd44fd1a7c495dd748ab3e5b692a7906662e2fb1a38a", [:rebar3], [{:opentelemetry_api, "~> 1.5.0", [hex: :opentelemetry_api, repo: "hexpm", optional: false]}], "hexpm", "a9173b058c4549bf824cbc2f1d2fa2adc5cdedc22aa3f0f826951187bbd53131"},
  "opentelemetry_api": {:hex, :opentelemetry_api, "1.5.0", "1a676f3e3340cab81c763e939a42e11a70c22863f645aa06aafefc689b5550cf", [:mix, :rebar3], [], "hexpm", "f53ec8a1337ae4a487d43ac89da4bd3a3c99ddf576655d071deed8b56a2d5dda"},
  "opentelemetry_bandit": {:hex, :opentelemetry_bandit, "0.3.0", "2c242dfdaabd747c75f4d8331fc9c17cfc9fb1db0638309762a4fcfa6d49a147", [:mix], [{:nimble_options, "~> 1.1", [hex: :nimble_options, repo: "hexpm", optional: false]}, {:opentelemetry_api, "~> 1.3", [hex: :opentelemetry_api, repo: "hexpm", optional: false]}, {:opentelemetry_semantic_conventions, "~> 1.27", [hex: :opentelemetry_semantic_conventions, repo: "hexpm", optional: false]}, {:otel_http, "~> 0.2", [hex: :otel_http, repo: "hexpm", optional: false]}, {:plug, ">= 1.15.0", [hex: :plug, repo: "hexpm", optional: false]}, {:telemetry, "~> 1.2", [hex: :telemetry, repo: "hexpm", optional: false]}], "hexpm", "5aa12378f5ff7cc3368f02905693571833f9449df86211fd99f4d764720cff60"},
  "opentelemetry_exporter": {:hex, :opentelemetry_exporter, "1.10.0", "972e142392dbfa679ec959914664adefea38399e4f56ceba5c473e1cabdbad79", [:rebar3], [{:grpcbox, ">= 0.0.0", [hex: :grpcbox, repo: "hexpm", optional: false]}, {:opentelemetry, "~> 1.7.0", [hex: :opentelemetry, repo: "hexpm", optional: false]}, {:opentelemetry_api, "~> 1.5.0", [hex: :opentelemetry_api, repo: "hexpm", optional: false]}, {:tls_certificate_check, "~> 1.18", [hex: :tls_certificate_check, repo: "hexpm", optional: false]}], "hexpm", "33a116ed7304cb91783f779dec02478f887c87988077bfd72840f760b8d4b952"},
  "opentelemetry_semantic_conventions": {:hex, :opentelemetry_semantic_conventions, "1.27.0", "acd0194a94a1e57d63da982ee9f4a9f88834ae0b31b0bd850815fe9be4bbb45f", [:mix, :rebar3], [], "hexpm", "9681ccaa24fd3d810b4461581717661fd85ff7019b082c2dff89c7d5b1fc2864"},
  "otel_http": {:hex, :otel_http, "0.2.0", "b17385986c7f1b862f5d577f72614ecaa29de40392b7618869999326b9a61d8a", [:rebar3], [], "hexpm", "f2beadf922c8cfeb0965488dd736c95cc6ea8b9efce89466b3904d317d7cc717"},
  "plug": {:hex, :plug, "1.20.3", "56c480c633ec2ce10140e236e15233bf576e1d323887d7c96711bd02ab5160db", [:mix], [{:mime, "~> 1.0 or ~> 2.0", [hex: :mime, repo: "hexpm", optional: false]}, {:plug_crypto, "~> 1.1.1 or ~> 1.2 or ~> 2.0", [hex: :plug_crypto, repo: "hexpm", optional: false]}, {:telemetry, "~> 0.4.3 or ~> 1.0", [hex: :telemetry, repo: "hexpm", optional: false]}], "hexpm", "be266aee1b8536ef6409d58cf39a3121319f0ec47cfa1b24024485aa0e76ad76"},
  "plug_crypto": {:hex, :plug_crypto, "2.2.0", "144014737daaf485407f5ed77daeaad74d651b216a28c87543f8cc7043f8efc8", [:mix], [], "hexpm", "83a95744ab1c75876542b6fab135fcc176280e0f301a111c1f757fddcec95d2c"},
  "scxml_orchestrator": {:git, "https://github.com/PranayPant/scxml-orchestrator.git", "79c9b8dc85b768204df6aa2ad1bd808b4f8fced5", [tag: "v0.0.3"]},
  "ssl_verify_fun": {:hex, :ssl_verify_fun, "1.1.7", "354c321cf377240c7b8716899e182ce4890c5938111a1296add3ec74cf1715df", [:make, :mix, :rebar3], [], "hexpm", "fe4c190e8f37401d30167c8c405eda19469f34577987c76dde613e838bbc67f8"},
  "styler": {:hex, :styler, "1.12.2", "1aa2942295645df48d42365f7191cc8b9f6fc4c35d15491f6fbd80ee815256b0", [:mix], [], "hexpm", "a82baeb6d81e35ee1c4cf8af08e141e8d7872a1d442f6fefce29817869e77a01"},
  "telemetry": {:hex, :telemetry, "1.4.2", "a0cb522801dffb1c49fe6e30561badffc7b6d0e180db1300df759faa22062855", [:rebar3], [], "hexpm", "928f6495066506077862c0d1646609eed891a4326bee3126ba54b60af61febb1"},
  "thousand_island": {:hex, :thousand_island, "1.5.0", "f50a213cac97262b6d5ebb85745aa2c00fec1413191e6e66834788d45425cecb", [:mix], [{:telemetry, "~> 0.4 or ~> 1.0", [hex: :telemetry, repo: "hexpm", optional: false]}], "hexpm", "708923d40523e43cf99041ab37a0d4b0ec426ac6438fa3716ab23d919eaeb412"},
  "tls_certificate_check": {:hex, :tls_certificate_check, "1.35.0", "6237b9cb9632b1f52f00ef852cd04d4af70319c308d4f65be1e45da637578867", [:rebar3], [{:ssl_verify_fun, "~> 1.1", [hex: :ssl_verify_fun, repo: "hexpm", optional: false]}], "hexpm", "36fd91d635761daffa12e75b0c784b24510a69ad53348b8276a553d2d665b579"},
  "websock": {:hex, :websock, "0.5.3", "2f69a6ebe810328555b6fe5c831a851f485e303a7c8ce6c5f675abeb20ebdadc", [:mix], [], "hexpm", "6105453d7fac22c712ad66fab1d45abdf049868f253cf719b625151460b8b453"},
}
